
Microsoft Visual Studio Solution File, Format Version 12.00
# Visual Studio Version 17
VisualStudioVersion = 17.0.31423.177
MinimumVisualStudioVersion = 10.0.40219.1
Project("{9A19103F-16F7-4668-BE54-9A1E7A4F7556}") = "PlantsVsZombiesStudio", "PlantsVsZombiesStudio\PlantsVsZombiesStudio.csproj", "{957984C2-4054-4B3C-B8BC-C27C76E7667D}"
EndProject
Project("{FAE04EC0-301F-11D3-BF4B-00C04F79EFBC}") = "MD5Tool", "MD5Tool\MD5Tool.csproj", "{664CBE03-0A83-4FF8-8E24-46DFA2E70CE6}"
EndProject
Project("{FAE04EC0-301F-11D3-BF4B-00C04F79EFBC}") = "PlantsVsZombiesStudioInstaller", "PlantsVsZombiesStudioInstaller\PlantsVsZombiesStudioInstaller.csproj", "{2B19B5C2-F3DA-4E87-BBC7-6AF2C398179B}"
EndProject
Global
	GlobalSection(SolutionConfigurationPlatforms) = preSolution
		Debug|Any CPU = Debug|Any CPU
		Release|Any CPU = Release|Any CPU
	EndGlobalSection
	GlobalSection(ProjectConfigurationPlatforms) = postSolution
		{957984C2-4054-4B3C-B8BC-C27C76E7667D}.Debug|Any CPU.ActiveCfg = Debug|Any CPU
		{957984C2-4054-4B3C-B8BC-C27C76E7667D}.Debug|Any CPU.Build.0 = Debug|Any CPU
		{957984C2-4054-4B3C-B8BC-C27C76E7667D}.Release|Any CPU.ActiveCfg = Release|Any CPU
		{957984C2-4054-4B3C-B8BC-C27C76E7667D}.Release|Any CPU.Build.0 = Release|Any CPU
		{664CBE03-0A83-4FF8-8E24-46DFA2E70CE6}.Debug|Any CPU.ActiveCfg = Debug|Any CPU
		{664CBE03-0A83-4FF8-8E24-46DFA2E70CE6}.Debug|Any CPU.Build.0 = Debug|Any CPU
		{664CBE03-0A83-4FF8-8E24-46DFA2E70CE6}.Release|Any CPU.ActiveCfg = Release|Any CPU
		{664CBE03-0A83-4FF8-8E24-46DFA2E70CE6}.Release|Any CPU.Build.0 = Release|Any CPU
		{2B19B5C2-F3DA-4E87-BBC7-6AF2C398179B}.Debug|Any CPU.ActiveCfg = Debug|Any CPU
		{2B19B5C2-F3DA-4E87-BBC7-6AF2C398179B}.Debug|Any CPU.Build.0 = Debug|Any CPU
		{2B19B5C2-F3DA-4E87-BBC7-6AF2C398179B}.Release|Any CPU.ActiveCfg = Release|Any CPU
		{2B19B5C2-F3DA-4E87-BBC7-6AF2C398179B}.Release|Any CPU.Build.0 = Release|Any CPU
	EndGlobalSection
	GlobalSection(SolutionProperties) = preSolution
		HideSolutionNode = FALSE
	EndGlobalSection
	GlobalSection(ExtensibilityGlobals) = postSolution
		SolutionGuid = {2BAAC06E-012D-4EA1-97ED-9AFC12D37863}
	EndGlobalSection
EndGlobal
